
Microsoft Visual Studio Solution File, Format Version 12.00
# Visual Studio 2015
Project("{FAE04EC0-301F-11D3-BF4B-00C04F79EFBC}") = "Wissenswerte", "Assembly-CSharp.csproj", "{E418068E-F4A5-1124-C486-62E3DB87F3CD}"
EndProject
Project("{FAE04EC0-301F-11D3-BF4B-00C04F79EFBC}") = "Wissenswerte", "Assembly-CSharp-Editor.csproj", "{EF7E7234-D0AA-7A40-5F5A-7893E167C3AC}"
EndProject
Global
	GlobalSection(SolutionConfigurationPlatforms) = preSolution
		Debug|Any CPU = Debug|Any CPU
		Release|Any CPU = Release|Any CPU
	EndGlobalSection
	GlobalSection(ProjectConfigurationPlatforms) = postSolution
		{E418068E-F4A5-1124-C486-62E3DB87F3CD}.Debug|Any CPU.ActiveCfg = Debug|Any CPU
		{E418068E-F4A5-1124-C486-62E3DB87F3CD}.Debug|Any CPU.Build.0 = Debug|Any CPU
		{E418068E-F4A5-1124-C486-62E3DB87F3CD}.Release|Any CPU.ActiveCfg = Release|Any CPU
		{E418068E-F4A5-1124-C486-62E3DB87F3CD}.Release|Any CPU.Build.0 = Release|Any CPU
		{EF7E7234-D0AA-7A40-5F5A-7893E167C3AC}.Debug|Any CPU.ActiveCfg = Debug|Any CPU
		{EF7E7234-D0AA-7A40-5F5A-7893E167C3AC}.Debug|Any CPU.Build.0 = Debug|Any CPU
		{EF7E7234-D0AA-7A40-5F5A-7893E167C3AC}.Release|Any CPU.ActiveCfg = Release|Any CPU
		{EF7E7234-D0AA-7A40-5F5A-7893E167C3AC}.Release|Any CPU.Build.0 = Release|Any CPU
	EndGlobalSection
	GlobalSection(SolutionProperties) = preSolution
		HideSolutionNode = FALSE
	EndGlobalSection
EndGlobal
